
Microsoft Visual Studio Solution File, Format Version 12.00
# Visual Studio Version 17
VisualStudioVersion = 17.9.34902.65
MinimumVisualStudioVersion = 10.0.40219.1
Project("{FAE04EC0-301F-11D3-BF4B-00C04F79EFBC}") = "CH04MovieListCady", "CH04MovieListCady.csproj", "{CC619631-9370-4070-AD52-08D4E52E23A3}"
EndProject
Global
	GlobalSection(SolutionConfigurationPlatforms) = preSolution
		Debug|Any CPU = Debug|Any CPU
		Release|Any CPU = Release|Any CPU
	EndGlobalSection
	GlobalSection(ProjectConfigurationPlatforms) = postSolution
		{CC619631-9370-4070-AD52-08D4E52E23A3}.Debug|Any CPU.ActiveCfg = Debug|Any CPU
		{CC619631-9370-4070-AD52-08D4E52E23A3}.Debug|Any CPU.Build.0 = Debug|Any CPU
		{CC619631-9370-4070-AD52-08D4E52E23A3}.Release|Any CPU.ActiveCfg = Release|Any CPU
		{CC619631-9370-4070-AD52-08D4E52E23A3}.Release|Any CPU.Build.0 = Release|Any CPU
	EndGlobalSection
	GlobalSection(SolutionProperties) = preSolution
		HideSolutionNode = FALSE
	EndGlobalSection
	GlobalSection(ExtensibilityGlobals) = postSolution
		SolutionGuid = {0EAC116E-B141-4B44-AD49-6658C5936F6D}
	EndGlobalSection
EndGlobal
