
Microsoft Visual Studio Solution File, Format Version 12.00
# Visual Studio Version 17
VisualStudioVersion = 17.9.34902.65
MinimumVisualStudioVersion = 10.0.40219.1
Project("{FAE04EC0-301F-11D3-BF4B-00C04F79EFBC}") = "Multi-PageWebAppCady", "Multi-PageWebAppCady.csproj", "{11D982C7-8EE0-4C0C-A479-416B2E6B2E84}"
EndProject
Global
	GlobalSection(SolutionConfigurationPlatforms) = preSolution
		Debug|Any CPU = Debug|Any CPU
		Release|Any CPU = Release|Any CPU
	EndGlobalSection
	GlobalSection(ProjectConfigurationPlatforms) = postSolution
		{11D982C7-8EE0-4C0C-A479-416B2E6B2E84}.Debug|Any CPU.ActiveCfg = Debug|Any CPU
		{11D982C7-8EE0-4C0C-A479-416B2E6B2E84}.Debug|Any CPU.Build.0 = Debug|Any CPU
		{11D982C7-8EE0-4C0C-A479-416B2E6B2E84}.Release|Any CPU.ActiveCfg = Release|Any CPU
		{11D982C7-8EE0-4C0C-A479-416B2E6B2E84}.Release|Any CPU.Build.0 = Release|Any CPU
	EndGlobalSection
	GlobalSection(SolutionProperties) = preSolution
		HideSolutionNode = FALSE
	EndGlobalSection
	GlobalSection(ExtensibilityGlobals) = postSolution
		SolutionGuid = {234CF557-E661-4228-9546-7F706F429257}
	EndGlobalSection
EndGlobal
